# Generated requirements.lock file - Updated to align with constraints.txt
# This file should be regenerated periodically using:
# python -m venv .venv && .venv/bin/python -m pip install -r requirements.txt -c constraints.txt && .venv/bin/python -m pip freeze > requirements.lock

alembic==1.16.5
alpha_vantage==3.0.0
anyio==4.10.0
beautifulsoup4==4.12.3
celery==5.5.3
charset-normalizer==3.4.3
dash==3.2.0
django==5.1.11
django-environ==0.12.0
fastapi==0.116.1
fredapi==0.5.2
gunicorn==23.0.0
idna==3.10
lxml==6.0.1
matplotlib==3.10.5
numpy==2.3.1
pandas==2.3.2
pandas-datareader==0.10.0
pillow==11.3.0
pip-audit==2.9.0
plotly==6.3.0
psycopg2-binary==2.9.10
pydantic==2.11.7
quantstats==0.0.77
redis==6.4.0
requests==2.32.5
scikit-learn==1.7.1
seaborn==0.13.2
sqlalchemy==2.0.43
starlette==0.47.3
statsmodels==0.14.5
stockdex==1.2.1
urllib3==2.5.0
uvicorn==0.35.0
yahoofinancials==1.20
yfinance==0.2.66
